
Microsoft Visual Studio Solution File, Format Version 12.00
# Visual Studio Version 17
VisualStudioVersion = 17.14.36408.4
MinimumVisualStudioVersion = 10.0.40219.1
Project("{FAE04EC0-301F-11D3-BF4B-00C04F79EFBC}") = "FlightStorageService", "FlightStorageService\FlightStorageService.csproj", "{6806A67B-E637-4331-BC3F-7FE761747E68}"
EndProject
Project("{FAE04EC0-301F-11D3-BF4B-00C04F79EFBC}") = "FlightClientApp", "FlightClientApp\FlightClientApp.csproj", "{67CD6850-D9A0-4FE5-BDCB-C080781179C6}"
EndProject
Project("{E53339B2-1760-4266-BCC7-CA923CBCF16C}") = "docker-compose", "docker-compose.dcproj", "{81DDED9D-158B-E303-5F62-77A2896D2A5A}"
EndProject
Project("{FAE04EC0-301F-11D3-BF4B-00C04F79EFBC}") = "CleanUpService", "CleanUpService\CleanUpService.csproj", "{828BC4D6-7BDA-4A58-A780-A09CE82DBE21}"
EndProject
Global
	GlobalSection(SolutionConfigurationPlatforms) = preSolution
		Debug|Any CPU = Debug|Any CPU
		Release|Any CPU = Release|Any CPU
	EndGlobalSection
	GlobalSection(ProjectConfigurationPlatforms) = postSolution
		{6806A67B-E637-4331-BC3F-7FE761747E68}.Debug|Any CPU.ActiveCfg = Debug|Any CPU
		{6806A67B-E637-4331-BC3F-7FE761747E68}.Debug|Any CPU.Build.0 = Debug|Any CPU
		{6806A67B-E637-4331-BC3F-7FE761747E68}.Release|Any CPU.ActiveCfg = Release|Any CPU
		{6806A67B-E637-4331-BC3F-7FE761747E68}.Release|Any CPU.Build.0 = Release|Any CPU
		{67CD6850-D9A0-4FE5-BDCB-C080781179C6}.Debug|Any CPU.ActiveCfg = Debug|Any CPU
		{67CD6850-D9A0-4FE5-BDCB-C080781179C6}.Debug|Any CPU.Build.0 = Debug|Any CPU
		{67CD6850-D9A0-4FE5-BDCB-C080781179C6}.Release|Any CPU.ActiveCfg = Release|Any CPU
		{67CD6850-D9A0-4FE5-BDCB-C080781179C6}.Release|Any CPU.Build.0 = Release|Any CPU
		{81DDED9D-158B-E303-5F62-77A2896D2A5A}.Debug|Any CPU.ActiveCfg = Debug|Any CPU
		{81DDED9D-158B-E303-5F62-77A2896D2A5A}.Debug|Any CPU.Build.0 = Debug|Any CPU
		{81DDED9D-158B-E303-5F62-77A2896D2A5A}.Release|Any CPU.ActiveCfg = Release|Any CPU
		{81DDED9D-158B-E303-5F62-77A2896D2A5A}.Release|Any CPU.Build.0 = Release|Any CPU
		{828BC4D6-7BDA-4A58-A780-A09CE82DBE21}.Debug|Any CPU.ActiveCfg = Debug|Any CPU
		{828BC4D6-7BDA-4A58-A780-A09CE82DBE21}.Debug|Any CPU.Build.0 = Debug|Any CPU
		{828BC4D6-7BDA-4A58-A780-A09CE82DBE21}.Release|Any CPU.ActiveCfg = Release|Any CPU
		{828BC4D6-7BDA-4A58-A780-A09CE82DBE21}.Release|Any CPU.Build.0 = Release|Any CPU
	EndGlobalSection
	GlobalSection(SolutionProperties) = preSolution
		HideSolutionNode = FALSE
	EndGlobalSection
	GlobalSection(ExtensibilityGlobals) = postSolution
		SolutionGuid = {2DEF181D-7C3F-41FB-AF17-03C9C1671FBF}
	EndGlobalSection
EndGlobal
